
Microsoft Visual Studio Solution File, Format Version 12.00
# Visual Studio 2012
Project("{FAE04EC0-301F-11D3-BF4B-00C04F79EFBC}") = "DesignPatterFinalProject", "DesignPatterFinalProject\DesignPatterFinalProject.csproj", "{E40F8086-200D-4AAB-B25C-01D3AF56A96A}"
EndProject
Global
	GlobalSection(SolutionConfigurationPlatforms) = preSolution
		Debug|Any CPU = Debug|Any CPU
		Release|Any CPU = Release|Any CPU
	EndGlobalSection
	GlobalSection(ProjectConfigurationPlatforms) = postSolution
		{E40F8086-200D-4AAB-B25C-01D3AF56A96A}.Debug|Any CPU.ActiveCfg = Debug|Any CPU
		{E40F8086-200D-4AAB-B25C-01D3AF56A96A}.Debug|Any CPU.Build.0 = Debug|Any CPU
		{E40F8086-200D-4AAB-B25C-01D3AF56A96A}.Release|Any CPU.ActiveCfg = Release|Any CPU
		{E40F8086-200D-4AAB-B25C-01D3AF56A96A}.Release|Any CPU.Build.0 = Release|Any CPU
	EndGlobalSection
EndGlobal
